
Microsoft Visual Studio Solution File, Format Version 12.00
# Visual Studio Version 16
VisualStudioVersion = 16.0.31005.135
MinimumVisualStudioVersion = 10.0.40219.1
Project("{FAE04EC0-301F-11D3-BF4B-00C04F79EFBC}") = "dublin-bikes", "dublin-bikes.csproj", "{BCABE0DD-6465-44A4-BA17-8EF362C6E23D}"
EndProject
Global
	GlobalSection(SolutionConfigurationPlatforms) = preSolution
		Debug|Any CPU = Debug|Any CPU
		Release|Any CPU = Release|Any CPU
	EndGlobalSection
	GlobalSection(ProjectConfigurationPlatforms) = postSolution
		{BCABE0DD-6465-44A4-BA17-8EF362C6E23D}.Debug|Any CPU.ActiveCfg = Debug|Any CPU
		{BCABE0DD-6465-44A4-BA17-8EF362C6E23D}.Debug|Any CPU.Build.0 = Debug|Any CPU
		{BCABE0DD-6465-44A4-BA17-8EF362C6E23D}.Release|Any CPU.ActiveCfg = Release|Any CPU
		{BCABE0DD-6465-44A4-BA17-8EF362C6E23D}.Release|Any CPU.Build.0 = Release|Any CPU
	EndGlobalSection
	GlobalSection(SolutionProperties) = preSolution
		HideSolutionNode = FALSE
	EndGlobalSection
	GlobalSection(ExtensibilityGlobals) = postSolution
		SolutionGuid = {32A55CE5-A4B4-4B73-B917-B94ACD81225C}
	EndGlobalSection
EndGlobal
